
Microsoft Visual Studio Solution File, Format Version 12.00
# Visual Studio Version 17
VisualStudioVersion = 17.0.32126.317
MinimumVisualStudioVersion = 10.0.40219.1
Project("{FAE04EC0-301F-11D3-BF4B-00C04F79EFBC}") = "api", "api.csproj", "{987F4446-6EB0-4FA6-AFB4-DA8FEF4BB28B}"
EndProject
Project("{FAE04EC0-301F-11D3-BF4B-00C04F79EFBC}") = "Flies", "..\flies\Flies.csproj", "{0EF16087-5CED-41EC-99C2-F6692E087D6A}"
EndProject
Global
	GlobalSection(SolutionConfigurationPlatforms) = preSolution
		Debug|Any CPU = Debug|Any CPU
		Release|Any CPU = Release|Any CPU
	EndGlobalSection
	GlobalSection(ProjectConfigurationPlatforms) = postSolution
		{987F4446-6EB0-4FA6-AFB4-DA8FEF4BB28B}.Debug|Any CPU.ActiveCfg = Debug|Any CPU
		{987F4446-6EB0-4FA6-AFB4-DA8FEF4BB28B}.Debug|Any CPU.Build.0 = Debug|Any CPU
		{987F4446-6EB0-4FA6-AFB4-DA8FEF4BB28B}.Release|Any CPU.ActiveCfg = Release|Any CPU
		{987F4446-6EB0-4FA6-AFB4-DA8FEF4BB28B}.Release|Any CPU.Build.0 = Release|Any CPU
		{0EF16087-5CED-41EC-99C2-F6692E087D6A}.Debug|Any CPU.ActiveCfg = Debug|Any CPU
		{0EF16087-5CED-41EC-99C2-F6692E087D6A}.Debug|Any CPU.Build.0 = Debug|Any CPU
		{0EF16087-5CED-41EC-99C2-F6692E087D6A}.Release|Any CPU.ActiveCfg = Release|Any CPU
		{0EF16087-5CED-41EC-99C2-F6692E087D6A}.Release|Any CPU.Build.0 = Release|Any CPU
	EndGlobalSection
	GlobalSection(SolutionProperties) = preSolution
		HideSolutionNode = FALSE
	EndGlobalSection
	GlobalSection(ExtensibilityGlobals) = postSolution
		SolutionGuid = {15677FC4-F0F4-4AEE-B7C6-BC4EBA2EDD89}
	EndGlobalSection
EndGlobal
